
Microsoft Visual Studio Solution File, Format Version 12.00
# Visual Studio Version 17
VisualStudioVersion = 17.5.33502.453
MinimumVisualStudioVersion = 10.0.40219.1
Project("{2150E333-8FDC-42A3-9474-1A3956D46DE8}") = "Nuget Packages", "Nuget Packages", "{1E0FF1F0-ED18-4CCA-BA96-9057685CB803}"
EndProject
Project("{9A19103F-16F7-4668-BE54-9A1E7A4F7556}") = "NBCC.Authorization", "NBCC.Authorization\NBCC.Authorization.csproj", "{946931D5-B80A-451D-B5FB-EBF4B7DAC80E}"
EndProject
Project("{9A19103F-16F7-4668-BE54-9A1E7A4F7556}") = "NBCC.Courses.WebApplication", "NBCC.WebApplicaion\NBCC.Courses.WebApplication.csproj", "{5AD9096B-DA43-4899-AA42-FA685FFB4A3F}"
EndProject
Project("{9A19103F-16F7-4668-BE54-9A1E7A4F7556}") = "NBCC.Courses", "NBCC.Courses\NBCC.Courses.csproj", "{A7002800-D9ED-416F-B937-160AC6608B6A}"
EndProject
Project("{9A19103F-16F7-4668-BE54-9A1E7A4F7556}") = "NBCC.CQRS", "NBCC.CQRS\NBCC.CQRS.csproj", "{E3D23908-5244-4956-8518-CE0DA271C22C}"
EndProject
Project("{2150E333-8FDC-42A3-9474-1A3956D46DE8}") = "Data", "Data", "{F6E11617-7484-4261-B308-7CA481D60C26}"
EndProject
Project("{9A19103F-16F7-4668-BE54-9A1E7A4F7556}") = "NBCC.CustomMiddleware", "NBCC.CustomMiddleware\NBCC.CustomMiddleware.csproj", "{E2C4DD3A-2A6F-4D01-851D-8401FCDBB0E9}"
EndProject
Project("{9A19103F-16F7-4668-BE54-9A1E7A4F7556}") = "NBCC.Authorization.WebApplication", "NBCC.Authorization.WebApplication\NBCC.Authorization.WebApplication.csproj", "{7E28463F-5070-4615-9BB1-4A5D117822F5}"
EndProject
Project("{2150E333-8FDC-42A3-9474-1A3956D46DE8}") = "WebApplications", "WebApplications", "{75215DF1-DD20-47A6-87A3-44A6FCEB1E9E}"
EndProject
Project("{2150E333-8FDC-42A3-9474-1A3956D46DE8}") = "Business Logic", "Business Logic", "{484AEEC1-B023-4157-807B-203DA0B7B3FA}"
EndProject
Project("{9A19103F-16F7-4668-BE54-9A1E7A4F7556}") = "NBCC.Logging", "NBCC.Logging\NBCC.Logging.csproj", "{B57A7C68-625B-43A1-950C-276E0771D4B6}"
EndProject
Project("{00D1A9C2-B5F0-4AF3-8072-F6C62B433612}") = "CommunityCollege", "CommunityCollege\CommunityCollege\CommunityCollege.sqlproj", "{AEDA41E4-B16B-455C-8151-389BA4CBFD67}"
EndProject
Global
	GlobalSection(SolutionConfigurationPlatforms) = preSolution
		Debug|Any CPU = Debug|Any CPU
		Release|Any CPU = Release|Any CPU
	EndGlobalSection
	GlobalSection(ProjectConfigurationPlatforms) = postSolution
		{946931D5-B80A-451D-B5FB-EBF4B7DAC80E}.Debug|Any CPU.ActiveCfg = Debug|Any CPU
		{946931D5-B80A-451D-B5FB-EBF4B7DAC80E}.Debug|Any CPU.Build.0 = Debug|Any CPU
		{946931D5-B80A-451D-B5FB-EBF4B7DAC80E}.Release|Any CPU.ActiveCfg = Release|Any CPU
		{946931D5-B80A-451D-B5FB-EBF4B7DAC80E}.Release|Any CPU.Build.0 = Release|Any CPU
		{5AD9096B-DA43-4899-AA42-FA685FFB4A3F}.Debug|Any CPU.ActiveCfg = Debug|Any CPU
		{5AD9096B-DA43-4899-AA42-FA685FFB4A3F}.Debug|Any CPU.Build.0 = Debug|Any CPU
		{5AD9096B-DA43-4899-AA42-FA685FFB4A3F}.Release|Any CPU.ActiveCfg = Release|Any CPU
		{5AD9096B-DA43-4899-AA42-FA685FFB4A3F}.Release|Any CPU.Build.0 = Release|Any CPU
		{A7002800-D9ED-416F-B937-160AC6608B6A}.Debug|Any CPU.ActiveCfg = Debug|Any CPU
		{A7002800-D9ED-416F-B937-160AC6608B6A}.Debug|Any CPU.Build.0 = Debug|Any CPU
		{A7002800-D9ED-416F-B937-160AC6608B6A}.Release|Any CPU.ActiveCfg = Release|Any CPU
		{A7002800-D9ED-416F-B937-160AC6608B6A}.Release|Any CPU.Build.0 = Release|Any CPU
		{E3D23908-5244-4956-8518-CE0DA271C22C}.Debug|Any CPU.ActiveCfg = Debug|Any CPU
		{E3D23908-5244-4956-8518-CE0DA271C22C}.Debug|Any CPU.Build.0 = Debug|Any CPU
		{E3D23908-5244-4956-8518-CE0DA271C22C}.Release|Any CPU.ActiveCfg = Release|Any CPU
		{E3D23908-5244-4956-8518-CE0DA271C22C}.Release|Any CPU.Build.0 = Release|Any CPU
		{E2C4DD3A-2A6F-4D01-851D-8401FCDBB0E9}.Debug|Any CPU.ActiveCfg = Debug|Any CPU
		{E2C4DD3A-2A6F-4D01-851D-8401FCDBB0E9}.Debug|Any CPU.Build.0 = Debug|Any CPU
		{E2C4DD3A-2A6F-4D01-851D-8401FCDBB0E9}.Release|Any CPU.ActiveCfg = Release|Any CPU
		{E2C4DD3A-2A6F-4D01-851D-8401FCDBB0E9}.Release|Any CPU.Build.0 = Release|Any CPU
		{7E28463F-5070-4615-9BB1-4A5D117822F5}.Debug|Any CPU.ActiveCfg = Debug|Any CPU
		{7E28463F-5070-4615-9BB1-4A5D117822F5}.Debug|Any CPU.Build.0 = Debug|Any CPU
		{7E28463F-5070-4615-9BB1-4A5D117822F5}.Release|Any CPU.ActiveCfg = Release|Any CPU
		{7E28463F-5070-4615-9BB1-4A5D117822F5}.Release|Any CPU.Build.0 = Release|Any CPU
		{B57A7C68-625B-43A1-950C-276E0771D4B6}.Debug|Any CPU.ActiveCfg = Debug|Any CPU
		{B57A7C68-625B-43A1-950C-276E0771D4B6}.Debug|Any CPU.Build.0 = Debug|Any CPU
		{B57A7C68-625B-43A1-950C-276E0771D4B6}.Release|Any CPU.ActiveCfg = Release|Any CPU
		{B57A7C68-625B-43A1-950C-276E0771D4B6}.Release|Any CPU.Build.0 = Release|Any CPU
		{AEDA41E4-B16B-455C-8151-389BA4CBFD67}.Debug|Any CPU.ActiveCfg = Debug|Any CPU
		{AEDA41E4-B16B-455C-8151-389BA4CBFD67}.Debug|Any CPU.Build.0 = Debug|Any CPU
		{AEDA41E4-B16B-455C-8151-389BA4CBFD67}.Debug|Any CPU.Deploy.0 = Debug|Any CPU
		{AEDA41E4-B16B-455C-8151-389BA4CBFD67}.Release|Any CPU.ActiveCfg = Release|Any CPU
		{AEDA41E4-B16B-455C-8151-389BA4CBFD67}.Release|Any CPU.Build.0 = Release|Any CPU
		{AEDA41E4-B16B-455C-8151-389BA4CBFD67}.Release|Any CPU.Deploy.0 = Release|Any CPU
	EndGlobalSection
	GlobalSection(SolutionProperties) = preSolution
		HideSolutionNode = FALSE
	EndGlobalSection
	GlobalSection(NestedProjects) = preSolution
		{946931D5-B80A-451D-B5FB-EBF4B7DAC80E} = {1E0FF1F0-ED18-4CCA-BA96-9057685CB803}
		{5AD9096B-DA43-4899-AA42-FA685FFB4A3F} = {75215DF1-DD20-47A6-87A3-44A6FCEB1E9E}
		{A7002800-D9ED-416F-B937-160AC6608B6A} = {484AEEC1-B023-4157-807B-203DA0B7B3FA}
		{E3D23908-5244-4956-8518-CE0DA271C22C} = {1E0FF1F0-ED18-4CCA-BA96-9057685CB803}
		{E2C4DD3A-2A6F-4D01-851D-8401FCDBB0E9} = {1E0FF1F0-ED18-4CCA-BA96-9057685CB803}
		{7E28463F-5070-4615-9BB1-4A5D117822F5} = {75215DF1-DD20-47A6-87A3-44A6FCEB1E9E}
		{B57A7C68-625B-43A1-950C-276E0771D4B6} = {1E0FF1F0-ED18-4CCA-BA96-9057685CB803}
		{AEDA41E4-B16B-455C-8151-389BA4CBFD67} = {F6E11617-7484-4261-B308-7CA481D60C26}
	EndGlobalSection
	GlobalSection(ExtensibilityGlobals) = postSolution
		SolutionGuid = {14B61A31-25C9-414A-A80B-FC3314C54865}
	EndGlobalSection
EndGlobal
